{
  "name": "konva-test",
  "version": "0.0.1",
  "lockfileVersion": 1,
  "requires": true,
  "dependencies": {
    "gsap": {
      "version": "3.6.0",
      "resolved": "https://registry.npmjs.org/gsap/-/gsap-3.6.0.tgz",
      "integrity": "sha512-0P3syv1TmYr+A/VZ8UMFzw+s0XoaKSzzDFs8NqkXiJTXI4E/VTi0zRjPgxaPBpiUPPycgRnFjLDe0Tb4dRRf+w=="
    },
    "konva": {
      "version": "2.5.0",
      "resolved": "https://registry.npmjs.org/konva/-/konva-2.5.0.tgz",
      "integrity": "sha512-kElr8iDK9ahcVdGQwnmQJ9v7hZ48D0kEkG8xzW4zL3QhgXBAcKhznePYwf37HoJ48opqXwLXUzzAftHvxgjcCg=="
    }
  }
}
